{
  "name": "ngx-selecto",
  "version": "1.6.0",
  "lockfileVersion": 1,
  "requires": true,
  "dependencies": {
    "@daybrush/drag": {
      "version": "0.19.3",
      "resolved": "https://registry.npmjs.org/@daybrush/drag/-/drag-0.19.3.tgz",
      "integrity": "sha512-gW5bffP4JWBWXOnkDQ3rKm0Bw0wEapIOHi/8DJDMUVi3jpS/haMFppQ50CcpABgBtMmIPrnHCCx2zn4ue8HS9Q==",
      "requires": {
        "@daybrush/utils": "^1.0.0"
      }
    },
    "@daybrush/utils": {
      "version": "1.0.0",
      "resolved": "https://registry.npmjs.org/@daybrush/utils/-/utils-1.0.0.tgz",
      "integrity": "sha512-XaDvJk0qIZVv6FfZOhuO5uchZKDyzFiSqcpNDZgvemOOp3Q5jKKceanDiGwtZlBTRSYmbAs5T+PVfkDpmB25gg=="
    },
    "@egjs/children-differ": {
      "version": "1.0.1",
      "resolved": "https://registry.npmjs.org/@egjs/children-differ/-/children-differ-1.0.1.tgz",
      "integrity": "sha512-DRvyqMf+CPCOzAopQKHtW+X8iN6Hy6SFol+/7zCUiE5y4P/OB8JP8FtU4NxtZwtafvSL4faD5KoQYPj3JHzPFQ==",
      "requires": {
        "@egjs/list-differ": "^1.0.0"
      }
    },
    "@egjs/component": {
      "version": "2.1.2",
      "resolved": "https://registry.npmjs.org/@egjs/component/-/component-2.1.2.tgz",
      "integrity": "sha512-7tnPiqxbSZ0porzlm0+/O3qZdanMj0zOq0sb17wQXuaRG49XKKKJaO+SacGnZDqf308N5hzJ0m9fZ4+j+VBvXA=="
    },
    "@egjs/list-differ": {
      "version": "1.0.0",
      "resolved": "https://registry.npmjs.org/@egjs/list-differ/-/list-differ-1.0.0.tgz",
      "integrity": "sha512-HsbMKc0ZAQH+EUeCmI/2PvTYSybmkaWwakU8QGDYYgMVIg9BQ5sM0A0Nnombjxo2+JzXHxmH+jw//yGX+y6GYw=="
    },
    "@scena/dragscroll": {
      "version": "0.2.1",
      "resolved": "https://registry.npmjs.org/@scena/dragscroll/-/dragscroll-0.2.1.tgz",
      "integrity": "sha512-8WrABWGvaALt0xMgesVZuA9Utt1q3zmGyqzWT22W1gfeKwVriqHTVldUQZevWIpgpnpIJtIW+/xFVsLtpmMsSA==",
      "requires": {
        "@egjs/component": "^2.1.2"
      }
    },
    "css-styled": {
      "version": "0.2.3",
      "resolved": "https://registry.npmjs.org/css-styled/-/css-styled-0.2.3.tgz",
      "integrity": "sha512-nZWOiSIKekOTpApD+luv2kq5R+Wt5+OoATHhOYPaf+YTnExeRPkgYuaQ1kSo5La4gDbq0gLd9GzyNdXdY9lSag==",
      "requires": {
        "@daybrush/utils": "^1.0.0",
        "string-hash": "^1.1.3"
      }
    },
    "framework-utils": {
      "version": "0.3.4",
      "resolved": "https://registry.npmjs.org/framework-utils/-/framework-utils-0.3.4.tgz",
      "integrity": "sha512-Psekd+sXiHxtjLvK6aqi7vw6sQpShfBQSYlLkxCyhVzpmeTdxv1lCq8BGx++Mm5yw+MUn5IA4WKNO6LZFtOe2Q=="
    },
    "keycode": {
      "version": "2.2.0",
      "resolved": "https://registry.npmjs.org/keycode/-/keycode-2.2.0.tgz",
      "integrity": "sha1-PQr1bce4uOXLqNCpfxByBO7CKwQ="
    },
    "keycon": {
      "version": "1.0.0",
      "resolved": "https://registry.npmjs.org/keycon/-/keycon-1.0.0.tgz",
      "integrity": "sha512-iJgF8ryuSLaK/wzGLYolwhIHzUyIioAMgYpE9yEgSXLpIPg56hFyQTULUTNExNsXcfcWRKJHC/IW9RlBiggmSQ==",
      "requires": {
        "@daybrush/utils": "^1.0.0",
        "@egjs/component": "^2.1.2",
        "keycode": "^2.2.0"
      }
    },
    "selecto": {
      "version": "1.6.0",
      "resolved": "https://registry.npmjs.org/selecto/-/selecto-1.6.0.tgz",
      "integrity": "sha512-Bc+JBpIFfCg3uT8YDnrNvtELZouzuoW8VXmsbXkwpU/QFD01NEC5BNzDBcgdMkq9xfM4nPJ4eocyHU5cmwmQVw==",
      "requires": {
        "@daybrush/drag": "^0.19.3",
        "@daybrush/utils": "^1.0.0",
        "@egjs/children-differ": "^1.0.0",
        "@egjs/component": "^2.1.2",
        "@scena/dragscroll": "^0.2.1",
        "css-styled": "^0.2.3",
        "framework-utils": "^0.3.4",
        "keycon": "^1.0.0"
      }
    },
    "string-hash": {
      "version": "1.1.3",
      "resolved": "https://registry.npmjs.org/string-hash/-/string-hash-1.1.3.tgz",
      "integrity": "sha1-6Kr8CsGFW0Zmkp7X3RJ1311sgRs="
    }
  }
}
