{
  "name": "ngx-selecto",
  "version": "1.17.0",
  "lockfileVersion": 2,
  "requires": true,
  "packages": {
    "": {
      "name": "ngx-selecto",
      "version": "1.17.0",
      "license": "MIT",
      "dependencies": {
        "selecto": "~1.17.0"
      },
      "peerDependencies": {
        "@angular/common": ">=8.2.14",
        "@angular/core": ">=8.2.14"
      }
    },
    "node_modules/@angular/common": {
      "version": "14.0.4",
      "resolved": "https://registry.npmjs.org/@angular/common/-/common-14.0.4.tgz",
      "integrity": "sha512-CvlFa2lCxen0LB3N45IzZDdMIqpcasXfVUhiAkLxZgT+kSTunc/rg8hMoLHVfmFpkQKCQmPVyuzNXnSwIFhYkQ==",
      "peer": true,
      "dependencies": {
        "tslib": "^2.3.0"
      },
      "engines": {
        "node": "^14.15.0 || >=16.10.0"
      },
      "peerDependencies": {
        "@angular/core": "14.0.4",
        "rxjs": "^6.5.3 || ^7.4.0"
      }
    },
    "node_modules/@angular/core": {
      "version": "14.0.4",
      "resolved": "https://registry.npmjs.org/@angular/core/-/core-14.0.4.tgz",
      "integrity": "sha512-uMS/X+/5RokF3uiiD1IAr6Ha9k7QPegHrAB3QW0x6WRUTMq0K+08F+AeF5COmbfYMMaxofD6x8XmM+BLeg/0hw==",
      "peer": true,
      "dependencies": {
        "tslib": "^2.3.0"
      },
      "engines": {
        "node": "^14.15.0 || >=16.10.0"
      },
      "peerDependencies": {
        "rxjs": "^6.5.3 || ^7.4.0",
        "zone.js": "~0.11.4"
      }
    },
    "node_modules/@daybrush/utils": {
      "version": "1.6.0",
      "resolved": "https://registry.npmjs.org/@daybrush/utils/-/utils-1.6.0.tgz",
      "integrity": "sha512-9MjMoOLl1U+l8lXByN3BbLZXf+mktoLyeb6t78Jz2WZ7LRldK0FNg8oW//9giO2hHCUyxS7LX6jS1hToGIfRWA=="
    },
    "node_modules/@egjs/children-differ": {
      "version": "1.0.1",
      "resolved": "https://registry.npmjs.org/@egjs/children-differ/-/children-differ-1.0.1.tgz",
      "integrity": "sha512-DRvyqMf+CPCOzAopQKHtW+X8iN6Hy6SFol+/7zCUiE5y4P/OB8JP8FtU4NxtZwtafvSL4faD5KoQYPj3JHzPFQ==",
      "dependencies": {
        "@egjs/list-differ": "^1.0.0"
      }
    },
    "node_modules/@egjs/list-differ": {
      "version": "1.0.0",
      "resolved": "https://registry.npmjs.org/@egjs/list-differ/-/list-differ-1.0.0.tgz",
      "integrity": "sha512-HsbMKc0ZAQH+EUeCmI/2PvTYSybmkaWwakU8QGDYYgMVIg9BQ5sM0A0Nnombjxo2+JzXHxmH+jw//yGX+y6GYw=="
    },
    "node_modules/@scena/dragscroll": {
      "version": "1.1.1",
      "resolved": "https://registry.npmjs.org/@scena/dragscroll/-/dragscroll-1.1.1.tgz",
      "integrity": "sha512-RnoGpQC0aJ5Z+glLzQAAAf1jmRac1yRuil4zi4HQ8GhzoxTqlgplAOGkFF/IRnUMK1uc5S6R/MEEybfyDGlEcQ==",
      "dependencies": {
        "@daybrush/utils": "1.6.0",
        "@scena/event-emitter": "^1.0.2"
      }
    },
    "node_modules/@scena/event-emitter": {
      "version": "1.0.5",
      "resolved": "https://registry.npmjs.org/@scena/event-emitter/-/event-emitter-1.0.5.tgz",
      "integrity": "sha512-AzY4OTb0+7ynefmWFQ6hxDdk0CySAq/D4efljfhtRHCOP7MBF9zUfhKG3TJiroVjASqVgkRJFdenS8ArZo6Olg==",
      "dependencies": {
        "@daybrush/utils": "^1.1.1"
      }
    },
    "node_modules/@scena/matrix": {
      "version": "1.1.1",
      "resolved": "https://registry.npmjs.org/@scena/matrix/-/matrix-1.1.1.tgz",
      "integrity": "sha512-JVKBhN0tm2Srl+Yt+Ywqu0oLgLcdemDQlD1OxmN9jaCTwaFPZ7tY8n6dhVgMEaR9qcR7r+kAlMXnSfNyYdE+Vg==",
      "dependencies": {
        "@daybrush/utils": "^1.4.0"
      }
    },
    "node_modules/css-styled": {
      "version": "1.0.0",
      "resolved": "https://registry.npmjs.org/css-styled/-/css-styled-1.0.0.tgz",
      "integrity": "sha512-lDdPvM2/djv+La110zVY3RGQ7X4OOlzLS+IEjRcn8UlUmJd1+GNcGfDFmsKWwnLBupsY1w0QM1gRgV4RdcCjfw==",
      "dependencies": {
        "@daybrush/utils": "^1.0.0",
        "string-hash": "^1.1.3"
      },
      "peerDependencies": {
        "@daybrush/utils": ">=1.0.0"
      }
    },
    "node_modules/css-to-mat": {
      "version": "1.0.3",
      "resolved": "https://registry.npmjs.org/css-to-mat/-/css-to-mat-1.0.3.tgz",
      "integrity": "sha512-HADRhVqPc8wFqEp6ClK+uuPYg+FMBinNo2ReLyI/KQCncmHPJ60o5zldyJG7NjsTqXWbdfGJO51jnoxfMvWJiA==",
      "dependencies": {
        "@daybrush/utils": "^1.3.1",
        "@scena/matrix": "^1.0.0"
      }
    },
    "node_modules/framework-utils": {
      "version": "1.1.0",
      "resolved": "https://registry.npmjs.org/framework-utils/-/framework-utils-1.1.0.tgz",
      "integrity": "sha512-KAfqli5PwpFJ8o3psRNs8svpMGyCSAe8nmGcjQ0zZBWN2H6dZDnq+ABp3N3hdUmFeMrLtjOCTXD4yplUJIWceg=="
    },
    "node_modules/gesto": {
      "version": "1.9.0",
      "resolved": "https://registry.npmjs.org/gesto/-/gesto-1.9.0.tgz",
      "integrity": "sha512-WxzswA0zAHK+hM5WyR8G6PdIMt2d/TEY1lFfkfhC8YHHLO5pM5k8AyGu8lhwyBnrPntomWgLy3xl+iBzLHelew==",
      "dependencies": {
        "@daybrush/utils": "^1.0.0",
        "@scena/event-emitter": "^1.0.2"
      }
    },
    "node_modules/keycode": {
      "version": "2.2.1",
      "resolved": "https://registry.npmjs.org/keycode/-/keycode-2.2.1.tgz",
      "integrity": "sha512-Rdgz9Hl9Iv4QKi8b0OlCRQEzp4AgVxyCtz5S/+VIHezDmrDhkp2N2TqBWOLz0/gbeREXOOiI9/4b8BY9uw2vFg=="
    },
    "node_modules/keycon": {
      "version": "1.2.0",
      "resolved": "https://registry.npmjs.org/keycon/-/keycon-1.2.0.tgz",
      "integrity": "sha512-qRCPcJ1R6E0VE/VcWspdpqnVht7cktodlg3FwEbyvydg/W9rkOsWXxkUfb8LkVrpgPBadv39FOBn18fhsbFMjA==",
      "dependencies": {
        "@daybrush/utils": "^1.7.1",
        "@scena/event-emitter": "^1.0.2",
        "keycode": "^2.2.0"
      }
    },
    "node_modules/keycon/node_modules/@daybrush/utils": {
      "version": "1.7.1",
      "resolved": "https://registry.npmjs.org/@daybrush/utils/-/utils-1.7.1.tgz",
      "integrity": "sha512-ruVDIfXeVAF4s0RxJoNx5hTjxlIRMnKoJ7N5e2m9eDyluIXB12EvhMPQdoq4a/ohJ+cPgj2MiWS5Lvmpsrx8Gg=="
    },
    "node_modules/overlap-area": {
      "version": "1.1.0",
      "resolved": "https://registry.npmjs.org/overlap-area/-/overlap-area-1.1.0.tgz",
      "integrity": "sha512-3dlJgJCaVeXH0/eZjYVJvQiLVVrPO4U1ZGqlATtx6QGO3b5eNM6+JgUKa7oStBTdYuGTk7gVoABCW6Tp+dhRdw==",
      "dependencies": {
        "@daybrush/utils": "^1.7.1"
      }
    },
    "node_modules/overlap-area/node_modules/@daybrush/utils": {
      "version": "1.7.1",
      "resolved": "https://registry.npmjs.org/@daybrush/utils/-/utils-1.7.1.tgz",
      "integrity": "sha512-ruVDIfXeVAF4s0RxJoNx5hTjxlIRMnKoJ7N5e2m9eDyluIXB12EvhMPQdoq4a/ohJ+cPgj2MiWS5Lvmpsrx8Gg=="
    },
    "node_modules/rxjs": {
      "version": "7.5.5",
      "resolved": "https://registry.npmjs.org/rxjs/-/rxjs-7.5.5.tgz",
      "integrity": "sha512-sy+H0pQofO95VDmFLzyaw9xNJU4KTRSwQIGM6+iG3SypAtCiLDzpeG8sJrNCWn2Up9km+KhkvTdbkrdy+yzZdw==",
      "peer": true,
      "dependencies": {
        "tslib": "^2.1.0"
      }
    },
    "node_modules/selecto": {
      "version": "1.17.0",
      "resolved": "https://registry.npmjs.org/selecto/-/selecto-1.17.0.tgz",
      "integrity": "sha512-z8/9laqD8lE5CSOGaAHsTyJcXEm5JI+kM6ieOYVBzkY4P1mc6wRHKZNSU+SHbaut/FFQzOojsqtFDo2/NjYu6Q==",
      "dependencies": {
        "@daybrush/utils": "^1.7.1",
        "@egjs/children-differ": "^1.0.1",
        "@scena/dragscroll": "^1.1.1",
        "@scena/event-emitter": "^1.0.5",
        "css-styled": "^1.0.0",
        "css-to-mat": "^1.0.3",
        "framework-utils": "^1.1.0",
        "gesto": "^1.9.0",
        "keycon": "^1.2.0",
        "overlap-area": "^1.1.0"
      }
    },
    "node_modules/selecto/node_modules/@daybrush/utils": {
      "version": "1.7.1",
      "resolved": "https://registry.npmjs.org/@daybrush/utils/-/utils-1.7.1.tgz",
      "integrity": "sha512-ruVDIfXeVAF4s0RxJoNx5hTjxlIRMnKoJ7N5e2m9eDyluIXB12EvhMPQdoq4a/ohJ+cPgj2MiWS5Lvmpsrx8Gg=="
    },
    "node_modules/string-hash": {
      "version": "1.1.3",
      "resolved": "https://registry.npmjs.org/string-hash/-/string-hash-1.1.3.tgz",
      "integrity": "sha1-6Kr8CsGFW0Zmkp7X3RJ1311sgRs="
    },
    "node_modules/tslib": {
      "version": "2.4.0",
      "resolved": "https://registry.npmjs.org/tslib/-/tslib-2.4.0.tgz",
      "integrity": "sha512-d6xOpEDfsi2CZVlPQzGeux8XMwLT9hssAsaPYExaQMuYskwb+x1x7J371tWlbBdWHroy99KnVB6qIkUbs5X3UQ==",
      "peer": true
    },
    "node_modules/zone.js": {
      "version": "0.11.6",
      "resolved": "https://registry.npmjs.org/zone.js/-/zone.js-0.11.6.tgz",
      "integrity": "sha512-umJqFtKyZlPli669gB1gOrRE9hxUUGkZr7mo878z+NEBJZZixJkKeVYfnoLa7g25SseUDc92OZrMKKHySyJrFg==",
      "peer": true,
      "dependencies": {
        "tslib": "^2.3.0"
      }
    }
  },
  "dependencies": {
    "@angular/common": {
      "version": "14.0.4",
      "resolved": "https://registry.npmjs.org/@angular/common/-/common-14.0.4.tgz",
      "integrity": "sha512-CvlFa2lCxen0LB3N45IzZDdMIqpcasXfVUhiAkLxZgT+kSTunc/rg8hMoLHVfmFpkQKCQmPVyuzNXnSwIFhYkQ==",
      "peer": true,
      "requires": {
        "tslib": "^2.3.0"
      }
    },
    "@angular/core": {
      "version": "14.0.4",
      "resolved": "https://registry.npmjs.org/@angular/core/-/core-14.0.4.tgz",
      "integrity": "sha512-uMS/X+/5RokF3uiiD1IAr6Ha9k7QPegHrAB3QW0x6WRUTMq0K+08F+AeF5COmbfYMMaxofD6x8XmM+BLeg/0hw==",
      "peer": true,
      "requires": {
        "tslib": "^2.3.0"
      }
    },
    "@daybrush/utils": {
      "version": "1.6.0",
      "resolved": "https://registry.npmjs.org/@daybrush/utils/-/utils-1.6.0.tgz",
      "integrity": "sha512-9MjMoOLl1U+l8lXByN3BbLZXf+mktoLyeb6t78Jz2WZ7LRldK0FNg8oW//9giO2hHCUyxS7LX6jS1hToGIfRWA=="
    },
    "@egjs/children-differ": {
      "version": "1.0.1",
      "resolved": "https://registry.npmjs.org/@egjs/children-differ/-/children-differ-1.0.1.tgz",
      "integrity": "sha512-DRvyqMf+CPCOzAopQKHtW+X8iN6Hy6SFol+/7zCUiE5y4P/OB8JP8FtU4NxtZwtafvSL4faD5KoQYPj3JHzPFQ==",
      "requires": {
        "@egjs/list-differ": "^1.0.0"
      }
    },
    "@egjs/list-differ": {
      "version": "1.0.0",
      "resolved": "https://registry.npmjs.org/@egjs/list-differ/-/list-differ-1.0.0.tgz",
      "integrity": "sha512-HsbMKc0ZAQH+EUeCmI/2PvTYSybmkaWwakU8QGDYYgMVIg9BQ5sM0A0Nnombjxo2+JzXHxmH+jw//yGX+y6GYw=="
    },
    "@scena/dragscroll": {
      "version": "1.1.1",
      "resolved": "https://registry.npmjs.org/@scena/dragscroll/-/dragscroll-1.1.1.tgz",
      "integrity": "sha512-RnoGpQC0aJ5Z+glLzQAAAf1jmRac1yRuil4zi4HQ8GhzoxTqlgplAOGkFF/IRnUMK1uc5S6R/MEEybfyDGlEcQ==",
      "requires": {
        "@daybrush/utils": "1.6.0",
        "@scena/event-emitter": "^1.0.2"
      }
    },
    "@scena/event-emitter": {
      "version": "1.0.5",
      "resolved": "https://registry.npmjs.org/@scena/event-emitter/-/event-emitter-1.0.5.tgz",
      "integrity": "sha512-AzY4OTb0+7ynefmWFQ6hxDdk0CySAq/D4efljfhtRHCOP7MBF9zUfhKG3TJiroVjASqVgkRJFdenS8ArZo6Olg==",
      "requires": {
        "@daybrush/utils": "^1.1.1"
      }
    },
    "@scena/matrix": {
      "version": "1.1.1",
      "resolved": "https://registry.npmjs.org/@scena/matrix/-/matrix-1.1.1.tgz",
      "integrity": "sha512-JVKBhN0tm2Srl+Yt+Ywqu0oLgLcdemDQlD1OxmN9jaCTwaFPZ7tY8n6dhVgMEaR9qcR7r+kAlMXnSfNyYdE+Vg==",
      "requires": {
        "@daybrush/utils": "^1.4.0"
      }
    },
    "css-styled": {
      "version": "1.0.0",
      "resolved": "https://registry.npmjs.org/css-styled/-/css-styled-1.0.0.tgz",
      "integrity": "sha512-lDdPvM2/djv+La110zVY3RGQ7X4OOlzLS+IEjRcn8UlUmJd1+GNcGfDFmsKWwnLBupsY1w0QM1gRgV4RdcCjfw==",
      "requires": {
        "@daybrush/utils": "^1.0.0",
        "string-hash": "^1.1.3"
      }
    },
    "css-to-mat": {
      "version": "1.0.3",
      "resolved": "https://registry.npmjs.org/css-to-mat/-/css-to-mat-1.0.3.tgz",
      "integrity": "sha512-HADRhVqPc8wFqEp6ClK+uuPYg+FMBinNo2ReLyI/KQCncmHPJ60o5zldyJG7NjsTqXWbdfGJO51jnoxfMvWJiA==",
      "requires": {
        "@daybrush/utils": "^1.3.1",
        "@scena/matrix": "^1.0.0"
      }
    },
    "framework-utils": {
      "version": "1.1.0",
      "resolved": "https://registry.npmjs.org/framework-utils/-/framework-utils-1.1.0.tgz",
      "integrity": "sha512-KAfqli5PwpFJ8o3psRNs8svpMGyCSAe8nmGcjQ0zZBWN2H6dZDnq+ABp3N3hdUmFeMrLtjOCTXD4yplUJIWceg=="
    },
    "gesto": {
      "version": "1.9.0",
      "resolved": "https://registry.npmjs.org/gesto/-/gesto-1.9.0.tgz",
      "integrity": "sha512-WxzswA0zAHK+hM5WyR8G6PdIMt2d/TEY1lFfkfhC8YHHLO5pM5k8AyGu8lhwyBnrPntomWgLy3xl+iBzLHelew==",
      "requires": {
        "@daybrush/utils": "^1.0.0",
        "@scena/event-emitter": "^1.0.2"
      }
    },
    "keycode": {
      "version": "2.2.1",
      "resolved": "https://registry.npmjs.org/keycode/-/keycode-2.2.1.tgz",
      "integrity": "sha512-Rdgz9Hl9Iv4QKi8b0OlCRQEzp4AgVxyCtz5S/+VIHezDmrDhkp2N2TqBWOLz0/gbeREXOOiI9/4b8BY9uw2vFg=="
    },
    "keycon": {
      "version": "1.2.0",
      "resolved": "https://registry.npmjs.org/keycon/-/keycon-1.2.0.tgz",
      "integrity": "sha512-qRCPcJ1R6E0VE/VcWspdpqnVht7cktodlg3FwEbyvydg/W9rkOsWXxkUfb8LkVrpgPBadv39FOBn18fhsbFMjA==",
      "requires": {
        "@daybrush/utils": "^1.7.1",
        "@scena/event-emitter": "^1.0.2",
        "keycode": "^2.2.0"
      },
      "dependencies": {
        "@daybrush/utils": {
          "version": "1.7.1",
          "resolved": "https://registry.npmjs.org/@daybrush/utils/-/utils-1.7.1.tgz",
          "integrity": "sha512-ruVDIfXeVAF4s0RxJoNx5hTjxlIRMnKoJ7N5e2m9eDyluIXB12EvhMPQdoq4a/ohJ+cPgj2MiWS5Lvmpsrx8Gg=="
        }
      }
    },
    "overlap-area": {
      "version": "1.1.0",
      "resolved": "https://registry.npmjs.org/overlap-area/-/overlap-area-1.1.0.tgz",
      "integrity": "sha512-3dlJgJCaVeXH0/eZjYVJvQiLVVrPO4U1ZGqlATtx6QGO3b5eNM6+JgUKa7oStBTdYuGTk7gVoABCW6Tp+dhRdw==",
      "requires": {
        "@daybrush/utils": "^1.7.1"
      },
      "dependencies": {
        "@daybrush/utils": {
          "version": "1.7.1",
          "resolved": "https://registry.npmjs.org/@daybrush/utils/-/utils-1.7.1.tgz",
          "integrity": "sha512-ruVDIfXeVAF4s0RxJoNx5hTjxlIRMnKoJ7N5e2m9eDyluIXB12EvhMPQdoq4a/ohJ+cPgj2MiWS5Lvmpsrx8Gg=="
        }
      }
    },
    "rxjs": {
      "version": "7.5.5",
      "resolved": "https://registry.npmjs.org/rxjs/-/rxjs-7.5.5.tgz",
      "integrity": "sha512-sy+H0pQofO95VDmFLzyaw9xNJU4KTRSwQIGM6+iG3SypAtCiLDzpeG8sJrNCWn2Up9km+KhkvTdbkrdy+yzZdw==",
      "peer": true,
      "requires": {
        "tslib": "^2.1.0"
      }
    },
    "selecto": {
      "version": "1.17.0",
      "resolved": "https://registry.npmjs.org/selecto/-/selecto-1.17.0.tgz",
      "integrity": "sha512-z8/9laqD8lE5CSOGaAHsTyJcXEm5JI+kM6ieOYVBzkY4P1mc6wRHKZNSU+SHbaut/FFQzOojsqtFDo2/NjYu6Q==",
      "requires": {
        "@daybrush/utils": "^1.7.1",
        "@egjs/children-differ": "^1.0.1",
        "@scena/dragscroll": "^1.1.1",
        "@scena/event-emitter": "^1.0.5",
        "css-styled": "^1.0.0",
        "css-to-mat": "^1.0.3",
        "framework-utils": "^1.1.0",
        "gesto": "^1.9.0",
        "keycon": "^1.2.0",
        "overlap-area": "^1.1.0"
      },
      "dependencies": {
        "@daybrush/utils": {
          "version": "1.7.1",
          "resolved": "https://registry.npmjs.org/@daybrush/utils/-/utils-1.7.1.tgz",
          "integrity": "sha512-ruVDIfXeVAF4s0RxJoNx5hTjxlIRMnKoJ7N5e2m9eDyluIXB12EvhMPQdoq4a/ohJ+cPgj2MiWS5Lvmpsrx8Gg=="
        }
      }
    },
    "string-hash": {
      "version": "1.1.3",
      "resolved": "https://registry.npmjs.org/string-hash/-/string-hash-1.1.3.tgz",
      "integrity": "sha1-6Kr8CsGFW0Zmkp7X3RJ1311sgRs="
    },
    "tslib": {
      "version": "2.4.0",
      "resolved": "https://registry.npmjs.org/tslib/-/tslib-2.4.0.tgz",
      "integrity": "sha512-d6xOpEDfsi2CZVlPQzGeux8XMwLT9hssAsaPYExaQMuYskwb+x1x7J371tWlbBdWHroy99KnVB6qIkUbs5X3UQ==",
      "peer": true
    },
    "zone.js": {
      "version": "0.11.6",
      "resolved": "https://registry.npmjs.org/zone.js/-/zone.js-0.11.6.tgz",
      "integrity": "sha512-umJqFtKyZlPli669gB1gOrRE9hxUUGkZr7mo878z+NEBJZZixJkKeVYfnoLa7g25SseUDc92OZrMKKHySyJrFg==",
      "peer": true,
      "requires": {
        "tslib": "^2.3.0"
      }
    }
  }
}
